
Microsoft Visual Studio Solution File, Format Version 12.00
# Visual Studio Version 17
VisualStudioVersion = 17.2.32630.192
MinimumVisualStudioVersion = 10.0.40219.1
Project("{9A19103F-16F7-4668-BE54-9A1E7A4F7556}") = "MyDemos", "MyDemos\MyDemos.csproj", "{0DEF7D5A-65AC-49E8-9726-56DF76E3852B}"
EndProject
Project("{9A19103F-16F7-4668-BE54-9A1E7A4F7556}") = "WebApplication2", "WebApplication2\WebApplication2.csproj", "{92C94253-6A2B-47CA-9D90-EAB15F4C595F}"
EndProject
Project("{9A19103F-16F7-4668-BE54-9A1E7A4F7556}") = "MyDemos.xUnitTests", "MyDemos.xUnitTests\MyDemos.xUnitTests.csproj", "{26437B54-BCF4-44C7-91F2-A01361A689F7}"
EndProject
Project("{FAE04EC0-301F-11D3-BF4B-00C04F79EFBC}") = "MyAngularDemo", "MyAngularDemo\MyAngularDemo.csproj", "{423441C0-E0B7-45E8-B215-36FF674E4FAC}"
EndProject
Global
	GlobalSection(SolutionConfigurationPlatforms) = preSolution
		Debug|Any CPU = Debug|Any CPU
		Release|Any CPU = Release|Any CPU
	EndGlobalSection
	GlobalSection(ProjectConfigurationPlatforms) = postSolution
		{0DEF7D5A-65AC-49E8-9726-56DF76E3852B}.Debug|Any CPU.ActiveCfg = Debug|Any CPU
		{0DEF7D5A-65AC-49E8-9726-56DF76E3852B}.Debug|Any CPU.Build.0 = Debug|Any CPU
		{0DEF7D5A-65AC-49E8-9726-56DF76E3852B}.Release|Any CPU.ActiveCfg = Release|Any CPU
		{0DEF7D5A-65AC-49E8-9726-56DF76E3852B}.Release|Any CPU.Build.0 = Release|Any CPU
		{92C94253-6A2B-47CA-9D90-EAB15F4C595F}.Debug|Any CPU.ActiveCfg = Debug|Any CPU
		{92C94253-6A2B-47CA-9D90-EAB15F4C595F}.Debug|Any CPU.Build.0 = Debug|Any CPU
		{92C94253-6A2B-47CA-9D90-EAB15F4C595F}.Release|Any CPU.ActiveCfg = Release|Any CPU
		{92C94253-6A2B-47CA-9D90-EAB15F4C595F}.Release|Any CPU.Build.0 = Release|Any CPU
		{26437B54-BCF4-44C7-91F2-A01361A689F7}.Debug|Any CPU.ActiveCfg = Debug|Any CPU
		{26437B54-BCF4-44C7-91F2-A01361A689F7}.Debug|Any CPU.Build.0 = Debug|Any CPU
		{26437B54-BCF4-44C7-91F2-A01361A689F7}.Release|Any CPU.ActiveCfg = Release|Any CPU
		{26437B54-BCF4-44C7-91F2-A01361A689F7}.Release|Any CPU.Build.0 = Release|Any CPU
		{423441C0-E0B7-45E8-B215-36FF674E4FAC}.Debug|Any CPU.ActiveCfg = Debug|Any CPU
		{423441C0-E0B7-45E8-B215-36FF674E4FAC}.Debug|Any CPU.Build.0 = Debug|Any CPU
		{423441C0-E0B7-45E8-B215-36FF674E4FAC}.Release|Any CPU.ActiveCfg = Release|Any CPU
		{423441C0-E0B7-45E8-B215-36FF674E4FAC}.Release|Any CPU.Build.0 = Release|Any CPU
	EndGlobalSection
	GlobalSection(SolutionProperties) = preSolution
		HideSolutionNode = FALSE
	EndGlobalSection
	GlobalSection(ExtensibilityGlobals) = postSolution
		SolutionGuid = {BE330347-6C61-42BC-9D72-441A83A2EA55}
	EndGlobalSection
EndGlobal
